
Microsoft Visual Studio Solution File, Format Version 12.00
# Visual Studio Version 17
VisualStudioVersion = 17.4.33205.214
MinimumVisualStudioVersion = 10.0.40219.1
Project("{FAE04EC0-301F-11D3-BF4B-00C04F79EFBC}") = "3Nombre", "3Nombre.csproj", "{880F8F35-D789-4B71-B58B-8B5C26D46D38}"
EndProject
Global
	GlobalSection(SolutionConfigurationPlatforms) = preSolution
		Debug|Any CPU = Debug|Any CPU
		Release|Any CPU = Release|Any CPU
	EndGlobalSection
	GlobalSection(ProjectConfigurationPlatforms) = postSolution
		{880F8F35-D789-4B71-B58B-8B5C26D46D38}.Debug|Any CPU.ActiveCfg = Debug|Any CPU
		{880F8F35-D789-4B71-B58B-8B5C26D46D38}.Debug|Any CPU.Build.0 = Debug|Any CPU
		{880F8F35-D789-4B71-B58B-8B5C26D46D38}.Release|Any CPU.ActiveCfg = Release|Any CPU
		{880F8F35-D789-4B71-B58B-8B5C26D46D38}.Release|Any CPU.Build.0 = Release|Any CPU
	EndGlobalSection
	GlobalSection(SolutionProperties) = preSolution
		HideSolutionNode = FALSE
	EndGlobalSection
	GlobalSection(ExtensibilityGlobals) = postSolution
		SolutionGuid = {73A83B83-91BE-4178-A33A-B5C56D71473B}
	EndGlobalSection
EndGlobal
