
Microsoft Visual Studio Solution File, Format Version 12.00
# Visual Studio Version 17
VisualStudioVersion = 17.4.33205.214
MinimumVisualStudioVersion = 10.0.40219.1
Project("{FAE04EC0-301F-11D3-BF4B-00C04F79EFBC}") = "afficher", "afficher.csproj", "{0EB09996-6F6A-4310-BAB4-EB0D1CF2807B}"
EndProject
Global
	GlobalSection(SolutionConfigurationPlatforms) = preSolution
		Debug|Any CPU = Debug|Any CPU
		Release|Any CPU = Release|Any CPU
	EndGlobalSection
	GlobalSection(ProjectConfigurationPlatforms) = postSolution
		{0EB09996-6F6A-4310-BAB4-EB0D1CF2807B}.Debug|Any CPU.ActiveCfg = Debug|Any CPU
		{0EB09996-6F6A-4310-BAB4-EB0D1CF2807B}.Debug|Any CPU.Build.0 = Debug|Any CPU
		{0EB09996-6F6A-4310-BAB4-EB0D1CF2807B}.Release|Any CPU.ActiveCfg = Release|Any CPU
		{0EB09996-6F6A-4310-BAB4-EB0D1CF2807B}.Release|Any CPU.Build.0 = Release|Any CPU
	EndGlobalSection
	GlobalSection(SolutionProperties) = preSolution
		HideSolutionNode = FALSE
	EndGlobalSection
	GlobalSection(ExtensibilityGlobals) = postSolution
		SolutionGuid = {412F8B41-CEB6-4949-B030-0D3662A55A95}
	EndGlobalSection
EndGlobal
